// !$*UTF8*$!
{
	archiveVersion = 1;
	classes = {
	};
	objectVersion = 48;
	objects = {

/* Begin PBXBuildFile section */
		500B913A2099BADC003A6A00 /* ManagerOne.m in Sources */ = {isa = PBXBuildFile; fileRef = 500B91392099BADC003A6A00 /* ManagerOne.m */; };
		500B913D209A1214003A6A00 /* ManagerTwo.m in Sources */ = {isa = PBXBuildFile; fileRef = 500B913C209A1214003A6A00 /* ManagerTwo.m */; };
		500B9140209A876A003A6A00 /* DeliveryService.m in Sources */ = {isa = PBXBuildFile; fileRef = 500B913F209A876A003A6A00 /* DeliveryService.m */; };
		500B9143209A877C003A6A00 /* DeliveryCar.m in Sources */ = {isa = PBXBuildFile; fileRef = 500B9142209A877C003A6A00 /* DeliveryCar.m */; };
		500B9162209B08DB003A6A00 /* Manager.m in Sources */ = {isa = PBXBuildFile; fileRef = 500B9161209B08DB003A6A00 /* Manager.m */; };
		5094A3002095E5FE0024134D /* main.m in Sources */ = {isa = PBXBuildFile; fileRef = 5094A2FF2095E5FE0024134D /* main.m */; };
		5094A3082095E65E0024134D /* Kitchen.m in Sources */ = {isa = PBXBuildFile; fileRef = 5094A3062095E65D0024134D /* Kitchen.m */; };
		5094A30C209718D80024134D /* Pizza.m in Sources */ = {isa = PBXBuildFile; fileRef = 5094A30B209718D80024134D /* Pizza.m */; };
/* End PBXBuildFile section */

/* Begin PBXCopyFilesBuildPhase section */
		5094A2FA2095E5FE0024134D /* CopyFiles */ = {
			isa = PBXCopyFilesBuildPhase;
			buildActionMask = 2147483647;
			dstPath = /usr/share/man/man1/;
			dstSubfolderSpec = 0;
			files = (
			);
			runOnlyForDeploymentPostprocessing = 1;
		};
/* End PBXCopyFilesBuildPhase section */

/* Begin PBXFileReference section */
		500B91382099BADC003A6A00 /* ManagerOne.h */ = {isa = PBXFileReference; lastKnownFileType = sourcecode.c.h; path = ManagerOne.h; sourceTree = "<group>"; };
		500B91392099BADC003A6A00 /* ManagerOne.m */ = {isa = PBXFileReference; lastKnownFileType = sourcecode.c.objc; path = ManagerOne.m; sourceTree = "<group>"; };
		500B913B209A1214003A6A00 /* ManagerTwo.h */ = {isa = PBXFileReference; lastKnownFileType = sourcecode.c.h; path = ManagerTwo.h; sourceTree = "<group>"; };
		500B913C209A1214003A6A00 /* ManagerTwo.m */ = {isa = PBXFileReference; lastKnownFileType = sourcecode.c.objc; path = ManagerTwo.m; sourceTree = "<group>"; };
		500B913E209A876A003A6A00 /* DeliveryService.h */ = {isa = PBXFileReference; lastKnownFileType = sourcecode.c.h; path = DeliveryService.h; sourceTree = "<group>"; };
		500B913F209A876A003A6A00 /* DeliveryService.m */ = {isa = PBXFileReference; lastKnownFileType = sourcecode.c.objc; path = DeliveryService.m; sourceTree = "<group>"; };
		500B9141209A877C003A6A00 /* DeliveryCar.h */ = {isa = PBXFileReference; lastKnownFileType = sourcecode.c.h; path = DeliveryCar.h; sourceTree = "<group>"; };
		500B9142209A877C003A6A00 /* DeliveryCar.m */ = {isa = PBXFileReference; lastKnownFileType = sourcecode.c.objc; path = DeliveryCar.m; sourceTree = "<group>"; };
		500B9160209B08DB003A6A00 /* Manager.h */ = {isa = PBXFileReference; lastKnownFileType = sourcecode.c.h; path = Manager.h; sourceTree = "<group>"; };
		500B9161209B08DB003A6A00 /* Manager.m */ = {isa = PBXFileReference; lastKnownFileType = sourcecode.c.objc; path = Manager.m; sourceTree = "<group>"; };
		5094A2FC2095E5FE0024134D /* PizzaRestaurant */ = {isa = PBXFileReference; explicitFileType = "compiled.mach-o.executable"; includeInIndex = 0; path = PizzaRestaurant; sourceTree = BUILT_PRODUCTS_DIR; };
		5094A2FF2095E5FE0024134D /* main.m */ = {isa = PBXFileReference; lastKnownFileType = sourcecode.c.objc; path = main.m; sourceTree = "<group>"; };
		5094A3062095E65D0024134D /* Kitchen.m */ = {isa = PBXFileReference; fileEncoding = 4; lastKnownFileType = sourcecode.c.objc; path = Kitchen.m; sourceTree = "<group>"; };
		5094A3072095E65D0024134D /* Kitchen.h */ = {isa = PBXFileReference; fileEncoding = 4; lastKnownFileType = sourcecode.c.h; path = Kitchen.h; sourceTree = "<group>"; };
		5094A3092095E6710024134D /* PizzaRestaurant-Prefix.pch */ = {isa = PBXFileReference; lastKnownFileType = sourcecode.c.h; path = "PizzaRestaurant-Prefix.pch"; sourceTree = "<group>"; };
		5094A30A209718D80024134D /* Pizza.h */ = {isa = PBXFileReference; lastKnownFileType = sourcecode.c.h; path = Pizza.h; sourceTree = "<group>"; };
		5094A30B209718D80024134D /* Pizza.m */ = {isa = PBXFileReference; lastKnownFileType = sourcecode.c.objc; path = Pizza.m; sourceTree = "<group>"; };
/* End PBXFileReference section */

/* Begin PBXFrameworksBuildPhase section */
		5094A2F92095E5FE0024134D /* Frameworks */ = {
			isa = PBXFrameworksBuildPhase;
			buildActionMask = 2147483647;
			files = (
			);
			runOnlyForDeploymentPostprocessing = 0;
		};
/* End PBXFrameworksBuildPhase section */

/* Begin PBXGroup section */
		5094A2F32095E5FE0024134D = {
			isa = PBXGroup;
			children = (
				5094A2FE2095E5FE0024134D /* PizzaRestaurant */,
				5094A2FD2095E5FE0024134D /* Products */,
			);
			sourceTree = "<group>";
		};
		5094A2FD2095E5FE0024134D /* Products */ = {
			isa = PBXGroup;
			children = (
				5094A2FC2095E5FE0024134D /* PizzaRestaurant */,
			);
			name = Products;
			sourceTree = "<group>";
		};
		5094A2FE2095E5FE0024134D /* PizzaRestaurant */ = {
			isa = PBXGroup;
			children = (
				5094A3092095E6710024134D /* PizzaRestaurant-Prefix.pch */,
				5094A3072095E65D0024134D /* Kitchen.h */,
				5094A3062095E65D0024134D /* Kitchen.m */,
				5094A2FF2095E5FE0024134D /* main.m */,
				5094A30A209718D80024134D /* Pizza.h */,
				5094A30B209718D80024134D /* Pizza.m */,
				500B91382099BADC003A6A00 /* ManagerOne.h */,
				500B9160209B08DB003A6A00 /* Manager.h */,
				500B9161209B08DB003A6A00 /* Manager.m */,
				500B91392099BADC003A6A00 /* ManagerOne.m */,
				500B913B209A1214003A6A00 /* ManagerTwo.h */,
				500B913C209A1214003A6A00 /* ManagerTwo.m */,
				500B913E209A876A003A6A00 /* DeliveryService.h */,
				500B913F209A876A003A6A00 /* DeliveryService.m */,
				500B9141209A877C003A6A00 /* DeliveryCar.h */,
				500B9142209A877C003A6A00 /* DeliveryCar.m */,
			);
			path = PizzaRestaurant;
			sourceTree = "<group>";
		};
/* End PBXGroup section */

/* Begin PBXNativeTarget section */
		5094A2FB2095E5FE0024134D /* PizzaRestaurant */ = {
			isa = PBXNativeTarget;
			buildConfigurationList = 5094A3032095E5FE0024134D /* Build configuration list for PBXNativeTarget "PizzaRestaurant" */;
			buildPhases = (
				5094A2F82095E5FE0024134D /* Sources */,
				5094A2F92095E5FE0024134D /* Frameworks */,
				5094A2FA2095E5FE0024134D /* CopyFiles */,
			);
			buildRules = (
			);
			dependencies = (
			);
			name = PizzaRestaurant;
			productName = PizzaRestaurant;
			productReference = 5094A2FC2095E5FE0024134D /* PizzaRestaurant */;
			productType = "com.apple.product-type.tool";
		};
/* End PBXNativeTarget section */

/* Begin PBXProject section */
		5094A2F42095E5FE0024134D /* Project object */ = {
			isa = PBXProject;
			attributes = {
				LastUpgradeCheck = 0930;
				ORGANIZATIONNAME = "Landry Achia Ndong";
				TargetAttributes = {
					5094A2FB2095E5FE0024134D = {
						CreatedOnToolsVersion = 9.2;
						ProvisioningStyle = Automatic;
					};
				};
			};
			buildConfigurationList = 5094A2F72095E5FE0024134D /* Build configuration list for PBXProject "PizzaRestaurant" */;
			compatibilityVersion = "Xcode 8.0";
			developmentRegion = en;
			hasScannedForEncodings = 0;
			knownRegions = (
				en,
			);
			mainGroup = 5094A2F32095E5FE0024134D;
			productRefGroup = 5094A2FD2095E5FE0024134D /* Products */;
			projectDirPath = "";
			projectRoot = "";
			targets = (
				5094A2FB2095E5FE0024134D /* PizzaRestaurant */,
			);
		};
/* End PBXProject section */

/* Begin PBXSourcesBuildPhase section */
		5094A2F82095E5FE0024134D /* Sources */ = {
			isa = PBXSourcesBuildPhase;
			buildActionMask = 2147483647;
			files = (
				500B9143209A877C003A6A00 /* DeliveryCar.m in Sources */,
				500B913A2099BADC003A6A00 /* ManagerOne.m in Sources */,
				5094A30C209718D80024134D /* Pizza.m in Sources */,
				5094A3082095E65E0024134D /* Kitchen.m in Sources */,
				5094A3002095E5FE0024134D /* main.m in Sources */,
				500B913D209A1214003A6A00 /* ManagerTwo.m in Sources */,
				500B9140209A876A003A6A00 /* DeliveryService.m in Sources */,
				500B9162209B08DB003A6A00 /* Manager.m in Sources */,
			);
			runOnlyForDeploymentPostprocessing = 0;
		};
/* End PBXSourcesBuildPhase section */

/* Begin XCBuildConfiguration section */
		5094A3012095E5FE0024134D /* Debug */ = {
			isa = XCBuildConfiguration;
			buildSettings = {
				ALWAYS_SEARCH_USER_PATHS = NO;
				CLANG_ANALYZER_NONNULL = YES;
				CLANG_ANALYZER_NUMBER_OBJECT_CONVERSION = YES_AGGRESSIVE;
				CLANG_CXX_LANGUAGE_STANDARD = "gnu++14";
				CLANG_CXX_LIBRARY = "libc++";
				CLANG_ENABLE_MODULES = YES;
				CLANG_ENABLE_OBJC_ARC = YES;
				CLANG_WARN_BLOCK_CAPTURE_AUTORELEASING = YES;
				CLANG_WARN_BOOL_CONVERSION = YES;
				CLANG_WARN_COMMA = YES;
				CLANG_WARN_CONSTANT_CONVERSION = YES;
				CLANG_WARN_DEPRECATED_OBJC_IMPLEMENTATIONS = YES;
				CLANG_WARN_DIRECT_OBJC_ISA_USAGE = YES_ERROR;
				CLANG_WARN_DOCUMENTATION_COMMENTS = YES;
				CLANG_WARN_EMPTY_BODY = YES;
				CLANG_WARN_ENUM_CONVERSION = YES;
				CLANG_WARN_INFINITE_RECURSION = YES;
				CLANG_WARN_INT_CONVERSION = YES;
				CLANG_WARN_NON_LITERAL_NULL_CONVERSION = YES;
				CLANG_WARN_OBJC_IMPLICIT_RETAIN_SELF = YES;
				CLANG_WARN_OBJC_LITERAL_CONVERSION = YES;
				CLANG_WARN_OBJC_ROOT_CLASS = YES_ERROR;
				CLANG_WARN_RANGE_LOOP_ANALYSIS = YES;
				CLANG_WARN_STRICT_PROTOTYPES = YES;
				CLANG_WARN_SUSPICIOUS_MOVE = YES;
				CLANG_WARN_UNGUARDED_AVAILABILITY = YES_AGGRESSIVE;
				CLANG_WARN_UNREACHABLE_CODE = YES;
				CLANG_WARN__DUPLICATE_METHOD_MATCH = YES;
				CODE_SIGN_IDENTITY = "-";
				COPY_PHASE_STRIP = NO;
				DEBUG_INFORMATION_FORMAT = dwarf;
				ENABLE_STRICT_OBJC_MSGSEND = YES;
				ENABLE_TESTABILITY = YES;
				GCC_C_LANGUAGE_STANDARD = gnu11;
				GCC_DYNAMIC_NO_PIC = NO;
				GCC_NO_COMMON_BLOCKS = YES;
				GCC_OPTIMIZATION_LEVEL = 0;
				GCC_PREPROCESSOR_DEFINITIONS = (
					"DEBUG=1",
					"$(inherited)",
				);
				GCC_WARN_64_TO_32_BIT_CONVERSION = YES;
				GCC_WARN_ABOUT_RETURN_TYPE = YES_ERROR;
				GCC_WARN_UNDECLARED_SELECTOR = YES;
				GCC_WARN_UNINITIALIZED_AUTOS = YES_AGGRESSIVE;
				GCC_WARN_UNUSED_FUNCTION = YES;
				GCC_WARN_UNUSED_VARIABLE = YES;
				MACOSX_DEPLOYMENT_TARGET = 10.13;
				MTL_ENABLE_DEBUG_INFO = YES;
				ONLY_ACTIVE_ARCH = YES;
				SDKROOT = macosx;
			};
			name = Debug;
		};
		5094A3022095E5FE0024134D /* Release */ = {
			isa = XCBuildConfiguration;
			buildSettings = {
				ALWAYS_SEARCH_USER_PATHS = NO;
				CLANG_ANALYZER_NONNULL = YES;
				CLANG_ANALYZER_NUMBER_OBJECT_CONVERSION = YES_AGGRESSIVE;
				CLANG_CXX_LANGUAGE_STANDARD = "gnu++14";
				CLANG_CXX_LIBRARY = "libc++";
				CLANG_ENABLE_MODULES = YES;
				CLANG_ENABLE_OBJC_ARC = YES;
				CLANG_WARN_BLOCK_CAPTURE_AUTORELEASING = YES;
				CLANG_WARN_BOOL_CONVERSION = YES;
				CLANG_WARN_COMMA = YES;
				CLANG_WARN_CONSTANT_CONVERSION = YES;
				CLANG_WARN_DEPRECATED_OBJC_IMPLEMENTATIONS = YES;
				CLANG_WARN_DIRECT_OBJC_ISA_USAGE = YES_ERROR;
				CLANG_WARN_DOCUMENTATION_COMMENTS = YES;
				CLANG_WARN_EMPTY_BODY = YES;
				CLANG_WARN_ENUM_CONVERSION = YES;
				CLANG_WARN_INFINITE_RECURSION = YES;
				CLANG_WARN_INT_CONVERSION = YES;
				CLANG_WARN_NON_LITERAL_NULL_CONVERSION = YES;
				CLANG_WARN_OBJC_IMPLICIT_RETAIN_SELF = YES;
				CLANG_WARN_OBJC_LITERAL_CONVERSION = YES;
				CLANG_WARN_OBJC_ROOT_CLASS = YES_ERROR;
				CLANG_WARN_RANGE_LOOP_ANALYSIS = YES;
				CLANG_WARN_STRICT_PROTOTYPES = YES;
				CLANG_WARN_SUSPICIOUS_MOVE = YES;
				CLANG_WARN_UNGUARDED_AVAILABILITY = YES_AGGRESSIVE;
				CLANG_WARN_UNREACHABLE_CODE = YES;
				CLANG_WARN__DUPLICATE_METHOD_MATCH = YES;
				CODE_SIGN_IDENTITY = "-";
				COPY_PHASE_STRIP = NO;
				DEBUG_INFORMATION_FORMAT = "dwarf-with-dsym";
				ENABLE_NS_ASSERTIONS = NO;
				ENABLE_STRICT_OBJC_MSGSEND = YES;
				GCC_C_LANGUAGE_STANDARD = gnu11;
				GCC_NO_COMMON_BLOCKS = YES;
				GCC_WARN_64_TO_32_BIT_CONVERSION = YES;
				GCC_WARN_ABOUT_RETURN_TYPE = YES_ERROR;
				GCC_WARN_UNDECLARED_SELECTOR = YES;
				GCC_WARN_UNINITIALIZED_AUTOS = YES_AGGRESSIVE;
				GCC_WARN_UNUSED_FUNCTION = YES;
				GCC_WARN_UNUSED_VARIABLE = YES;
				MACOSX_DEPLOYMENT_TARGET = 10.13;
				MTL_ENABLE_DEBUG_INFO = NO;
				SDKROOT = macosx;
			};
			name = Release;
		};
		5094A3042095E5FE0024134D /* Debug */ = {
			isa = XCBuildConfiguration;
			buildSettings = {
				CODE_SIGN_STYLE = Automatic;
				PRODUCT_NAME = "$(TARGET_NAME)";
			};
			name = Debug;
		};
		5094A3052095E5FE0024134D /* Release */ = {
			isa = XCBuildConfiguration;
			buildSettings = {
				CODE_SIGN_STYLE = Automatic;
				PRODUCT_NAME = "$(TARGET_NAME)";
			};
			name = Release;
		};
/* End XCBuildConfiguration section */

/* Begin XCConfigurationList section */
		5094A2F72095E5FE0024134D /* Build configuration list for PBXProject "PizzaRestaurant" */ = {
			isa = XCConfigurationList;
			buildConfigurations = (
				5094A3012095E5FE0024134D /* Debug */,
				5094A3022095E5FE0024134D /* Release */,
			);
			defaultConfigurationIsVisible = 0;
			defaultConfigurationName = Release;
		};
		5094A3032095E5FE0024134D /* Build configuration list for PBXNativeTarget "PizzaRestaurant" */ = {
			isa = XCConfigurationList;
			buildConfigurations = (
				5094A3042095E5FE0024134D /* Debug */,
				5094A3052095E5FE0024134D /* Release */,
			);
			defaultConfigurationIsVisible = 0;
			defaultConfigurationName = Release;
		};
/* End XCConfigurationList section */
	};
	rootObject = 5094A2F42095E5FE0024134D /* Project object */;
}
